// !$*UTF8*$!
{
	archiveVersion = 1;
	classes = {
	};
	objectVersion = 46;
	objects = {

/* Begin PBXBuildFile section */
		FB25D3F71C754711002A1E9E /* AppDelegate.swift in Sources */ = {isa = PBXBuildFile; fileRef = FB25D3F61C754711002A1E9E /* AppDelegate.swift */; };
		FB25D3F91C754711002A1E9E /* Images.xcassets in Resources */ = {isa = PBXBuildFile; fileRef = FB25D3F81C754711002A1E9E /* Images.xcassets */; };
		FB25D3FC1C754711002A1E9E /* MainMenu.xib in Resources */ = {isa = PBXBuildFile; fileRef = FB25D3FA1C754711002A1E9E /* MainMenu.xib */; };
		FB25D4081C754711002A1E9E /* SpeakLineTests.swift in Sources */ = {isa = PBXBuildFile; fileRef = FB25D4071C754711002A1E9E /* SpeakLineTests.swift */; };
/* End PBXBuildFile section */

/* Begin PBXContainerItemProxy section */
		FB25D4021C754711002A1E9E /* PBXContainerItemProxy */ = {
			isa = PBXContainerItemProxy;
			containerPortal = FB25D3E91C754711002A1E9E /* Project object */;
			proxyType = 1;
			remoteGlobalIDString = FB25D3F01C754711002A1E9E;
			remoteInfo = SpeakLine;
		};
/* End PBXContainerItemProxy section */

/* Begin PBXFileReference section */
		FB25D3F11C754711002A1E9E /* SpeakLine.app */ = {isa = PBXFileReference; explicitFileType = wrapper.application; includeInIndex = 0; path = SpeakLine.app; sourceTree = BUILT_PRODUCTS_DIR; };
		FB25D3F51C754711002A1E9E /* Info.plist */ = {isa = PBXFileReference; lastKnownFileType = text.plist.xml; path = Info.plist; sourceTree = "<group>"; };
		FB25D3F61C754711002A1E9E /* AppDelegate.swift */ = {isa = PBXFileReference; lastKnownFileType = sourcecode.swift; path = AppDelegate.swift; sourceTree = "<group>"; };
		FB25D3F81C754711002A1E9E /* Images.xcassets */ = {isa = PBXFileReference; lastKnownFileType = folder.assetcatalog; path = Images.xcassets; sourceTree = "<group>"; };
		FB25D3FB1C754711002A1E9E /* Base */ = {isa = PBXFileReference; lastKnownFileType = file.xib; name = Base; path = Base.lproj/MainMenu.xib; sourceTree = "<group>"; };
		FB25D4011C754711002A1E9E /* SpeakLineTests.xctest */ = {isa = PBXFileReference; explicitFileType = wrapper.cfbundle; includeInIndex = 0; path = SpeakLineTests.xctest; sourceTree = BUILT_PRODUCTS_DIR; };
		FB25D4061C754711002A1E9E /* Info.plist */ = {isa = PBXFileReference; lastKnownFileType = text.plist.xml; path = Info.plist; sourceTree = "<group>"; };
		FB25D4071C754711002A1E9E /* SpeakLineTests.swift */ = {isa = PBXFileReference; lastKnownFileType = sourcecode.swift; path = SpeakLineTests.swift; sourceTree = "<group>"; };
/* End PBXFileReference section */

/* Begin PBXFrameworksBuildPhase section */
		FB25D3EE1C754711002A1E9E /* Frameworks */ = {
			isa = PBXFrameworksBuildPhase;
			buildActionMask = 2147483647;
			files = (
			);
			runOnlyForDeploymentPostprocessing = 0;
		};
		FB25D3FE1C754711002A1E9E /* Frameworks */ = {
			isa = PBXFrameworksBuildPhase;
			buildActionMask = 2147483647;
			files = (
			);
			runOnlyForDeploymentPostprocessing = 0;
		};
/* End PBXFrameworksBuildPhase section */

/* Begin PBXGroup section */
		FB25D3E81C754711002A1E9E = {
			isa = PBXGroup;
			children = (
				FB25D3F31C754711002A1E9E /* SpeakLine */,
				FB25D4041C754711002A1E9E /* SpeakLineTests */,
				FB25D3F21C754711002A1E9E /* Products */,
			);
			sourceTree = "<group>";
		};
		FB25D3F21C754711002A1E9E /* Products */ = {
			isa = PBXGroup;
			children = (
				FB25D3F11C754711002A1E9E /* SpeakLine.app */,
				FB25D4011C754711002A1E9E /* SpeakLineTests.xctest */,
			);
			name = Products;
			sourceTree = "<group>";
		};
		FB25D3F31C754711002A1E9E /* SpeakLine */ = {
			isa = PBXGroup;
			children = (
				FB25D3F61C754711002A1E9E /* AppDelegate.swift */,
				FB25D3F81C754711002A1E9E /* Images.xcassets */,
				FB25D3FA1C754711002A1E9E /* MainMenu.xib */,
				FB25D3F41C754711002A1E9E /* Supporting Files */,
			);
			path = SpeakLine;
			sourceTree = "<group>";
		};
		FB25D3F41C754711002A1E9E /* Supporting Files */ = {
			isa = PBXGroup;
			children = (
				FB25D3F51C754711002A1E9E /* Info.plist */,
			);
			name = "Supporting Files";
			sourceTree = "<group>";
		};
		FB25D4041C754711002A1E9E /* SpeakLineTests */ = {
			isa = PBXGroup;
			children = (
				FB25D4071C754711002A1E9E /* SpeakLineTests.swift */,
				FB25D4051C754711002A1E9E /* Supporting Files */,
			);
			path = SpeakLineTests;
			sourceTree = "<group>";
		};
		FB25D4051C754711002A1E9E /* Supporting Files */ = {
			isa = PBXGroup;
			children = (
				FB25D4061C754711002A1E9E /* Info.plist */,
			);
			name = "Supporting Files";
			sourceTree = "<group>";
		};
/* End PBXGroup section */

/* Begin PBXNativeTarget section */
		FB25D3F01C754711002A1E9E /* SpeakLine */ = {
			isa = PBXNativeTarget;
			buildConfigurationList = FB25D40B1C754711002A1E9E /* Build configuration list for PBXNativeTarget "SpeakLine" */;
			buildPhases = (
				FB25D3ED1C754711002A1E9E /* Sources */,
				FB25D3EE1C754711002A1E9E /* Frameworks */,
				FB25D3EF1C754711002A1E9E /* Resources */,
			);
			buildRules = (
			);
			dependencies = (
			);
			name = SpeakLine;
			productName = SpeakLine;
			productReference = FB25D3F11C754711002A1E9E /* SpeakLine.app */;
			productType = "com.apple.product-type.application";
		};
		FB25D4001C754711002A1E9E /* SpeakLineTests */ = {
			isa = PBXNativeTarget;
			buildConfigurationList = FB25D40E1C754711002A1E9E /* Build configuration list for PBXNativeTarget "SpeakLineTests" */;
			buildPhases = (
				FB25D3FD1C754711002A1E9E /* Sources */,
				FB25D3FE1C754711002A1E9E /* Frameworks */,
				FB25D3FF1C754711002A1E9E /* Resources */,
			);
			buildRules = (
			);
			dependencies = (
				FB25D4031C754711002A1E9E /* PBXTargetDependency */,
			);
			name = SpeakLineTests;
			productName = SpeakLineTests;
			productReference = FB25D4011C754711002A1E9E /* SpeakLineTests.xctest */;
			productType = "com.apple.product-type.bundle.unit-test";
		};
/* End PBXNativeTarget section */

/* Begin PBXProject section */
		FB25D3E91C754711002A1E9E /* Project object */ = {
			isa = PBXProject;
			attributes = {
				LastUpgradeCheck = 0630;
				ORGANIZATIONNAME = "Marco Herrera";
				TargetAttributes = {
					FB25D3F01C754711002A1E9E = {
						CreatedOnToolsVersion = 6.3.2;
					};
					FB25D4001C754711002A1E9E = {
						CreatedOnToolsVersion = 6.3.2;
						TestTargetID = FB25D3F01C754711002A1E9E;
					};
				};
			};
			buildConfigurationList = FB25D3EC1C754711002A1E9E /* Build configuration list for PBXProject "SpeakLine" */;
			compatibilityVersion = "Xcode 3.2";
			developmentRegion = English;
			hasScannedForEncodings = 0;
			knownRegions = (
				en,
				Base,
			);
			mainGroup = FB25D3E81C754711002A1E9E;
			productRefGroup = FB25D3F21C754711002A1E9E /* Products */;
			projectDirPath = "";
			projectRoot = "";
			targets = (
				FB25D3F01C754711002A1E9E /* SpeakLine */,
				FB25D4001C754711002A1E9E /* SpeakLineTests */,
			);
		};
/* End PBXProject section */

/* Begin PBXResourcesBuildPhase section */
		FB25D3EF1C754711002A1E9E /* Resources */ = {
			isa = PBXResourcesBuildPhase;
			buildActionMask = 2147483647;
			files = (
				FB25D3F91C754711002A1E9E /* Images.xcassets in Resources */,
				FB25D3FC1C754711002A1E9E /* MainMenu.xib in Resources */,
			);
			runOnlyForDeploymentPostprocessing = 0;
		};
		FB25D3FF1C754711002A1E9E /* Resources */ = {
			isa = PBXResourcesBuildPhase;
			buildActionMask = 2147483647;
			files = (
			);
			runOnlyForDeploymentPostprocessing = 0;
		};
/* End PBXResourcesBuildPhase section */

/* Begin PBXSourcesBuildPhase section */
		FB25D3ED1C754711002A1E9E /* Sources */ = {
			isa = PBXSourcesBuildPhase;
			buildActionMask = 2147483647;
			files = (
				FB25D3F71C754711002A1E9E /* AppDelegate.swift in Sources */,
			);
			runOnlyForDeploymentPostprocessing = 0;
		};
		FB25D3FD1C754711002A1E9E /* Sources */ = {
			isa = PBXSourcesBuildPhase;
			buildActionMask = 2147483647;
			files = (
				FB25D4081C754711002A1E9E /* SpeakLineTests.swift in Sources */,
			);
			runOnlyForDeploymentPostprocessing = 0;
		};
/* End PBXSourcesBuildPhase section */

/* Begin PBXTargetDependency section */
		FB25D4031C754711002A1E9E /* PBXTargetDependency */ = {
			isa = PBXTargetDependency;
			target = FB25D3F01C754711002A1E9E /* SpeakLine */;
			targetProxy = FB25D4021C754711002A1E9E /* PBXContainerItemProxy */;
		};
/* End PBXTargetDependency section */

/* Begin PBXVariantGroup section */
		FB25D3FA1C754711002A1E9E /* MainMenu.xib */ = {
			isa = PBXVariantGroup;
			children = (
				FB25D3FB1C754711002A1E9E /* Base */,
			);
			name = MainMenu.xib;
			sourceTree = "<group>";
		};
/* End PBXVariantGroup section */

/* Begin XCBuildConfiguration section */
		FB25D4091C754711002A1E9E /* Debug */ = {
			isa = XCBuildConfiguration;
			buildSettings = {
				ALWAYS_SEARCH_USER_PATHS = NO;
				CLANG_CXX_LANGUAGE_STANDARD = "gnu++0x";
				CLANG_CXX_LIBRARY = "libc++";
				CLANG_ENABLE_MODULES = YES;
				CLANG_ENABLE_OBJC_ARC = YES;
				CLANG_WARN_BOOL_CONVERSION = YES;
				CLANG_WARN_CONSTANT_CONVERSION = YES;
				CLANG_WARN_DIRECT_OBJC_ISA_USAGE = YES_ERROR;
				CLANG_WARN_EMPTY_BODY = YES;
				CLANG_WARN_ENUM_CONVERSION = YES;
				CLANG_WARN_INT_CONVERSION = YES;
				CLANG_WARN_OBJC_ROOT_CLASS = YES_ERROR;
				CLANG_WARN_UNREACHABLE_CODE = YES;
				CLANG_WARN__DUPLICATE_METHOD_MATCH = YES;
				CODE_SIGN_IDENTITY = "-";
				COPY_PHASE_STRIP = NO;
				DEBUG_INFORMATION_FORMAT = dwarf;
				ENABLE_STRICT_OBJC_MSGSEND = YES;
				GCC_C_LANGUAGE_STANDARD = gnu99;
				GCC_DYNAMIC_NO_PIC = NO;
				GCC_NO_COMMON_BLOCKS = YES;
				GCC_OPTIMIZATION_LEVEL = 0;
				GCC_PREPROCESSOR_DEFINITIONS = (
					"DEBUG=1",
					"$(inherited)",
				);
				GCC_SYMBOLS_PRIVATE_EXTERN = NO;
				GCC_WARN_64_TO_32_BIT_CONVERSION = YES;
				GCC_WARN_ABOUT_RETURN_TYPE = YES_ERROR;
				GCC_WARN_UNDECLARED_SELECTOR = YES;
				GCC_WARN_UNINITIALIZED_AUTOS = YES_AGGRESSIVE;
				GCC_WARN_UNUSED_FUNCTION = YES;
				GCC_WARN_UNUSED_VARIABLE = YES;
				MACOSX_DEPLOYMENT_TARGET = 10.10;
				MTL_ENABLE_DEBUG_INFO = YES;
				ONLY_ACTIVE_ARCH = YES;
				SDKROOT = macosx;
				SWIFT_OPTIMIZATION_LEVEL = "-Onone";
			};
			name = Debug;
		};
		FB25D40A1C754711002A1E9E /* Release */ = {
			isa = XCBuildConfiguration;
			buildSettings = {
				ALWAYS_SEARCH_USER_PATHS = NO;
				CLANG_CXX_LANGUAGE_STANDARD = "gnu++0x";
				CLANG_CXX_LIBRARY = "libc++";
				CLANG_ENABLE_MODULES = YES;
				CLANG_ENABLE_OBJC_ARC = YES;
				CLANG_WARN_BOOL_CONVERSION = YES;
				CLANG_WARN_CONSTANT_CONVERSION = YES;
				CLANG_WARN_DIRECT_OBJC_ISA_USAGE = YES_ERROR;
				CLANG_WARN_EMPTY_BODY = YES;
				CLANG_WARN_ENUM_CONVERSION = YES;
				CLANG_WARN_INT_CONVERSION = YES;
				CLANG_WARN_OBJC_ROOT_CLASS = YES_ERROR;
				CLANG_WARN_UNREACHABLE_CODE = YES;
				CLANG_WARN__DUPLICATE_METHOD_MATCH = YES;
				CODE_SIGN_IDENTITY = "-";
				COPY_PHASE_STRIP = NO;
				DEBUG_INFORMATION_FORMAT = "dwarf-with-dsym";
				ENABLE_NS_ASSERTIONS = NO;
				ENABLE_STRICT_OBJC_MSGSEND = YES;
				GCC_C_LANGUAGE_STANDARD = gnu99;
				GCC_NO_COMMON_BLOCKS = YES;
				GCC_WARN_64_TO_32_BIT_CONVERSION = YES;
				GCC_WARN_ABOUT_RETURN_TYPE = YES_ERROR;
				GCC_WARN_UNDECLARED_SELECTOR = YES;
				GCC_WARN_UNINITIALIZED_AUTOS = YES_AGGRESSIVE;
				GCC_WARN_UNUSED_FUNCTION = YES;
				GCC_WARN_UNUSED_VARIABLE = YES;
				MACOSX_DEPLOYMENT_TARGET = 10.10;
				MTL_ENABLE_DEBUG_INFO = NO;
				SDKROOT = macosx;
			};
			name = Release;
		};
		FB25D40C1C754711002A1E9E /* Debug */ = {
			isa = XCBuildConfiguration;
			buildSettings = {
				ASSETCATALOG_COMPILER_APPICON_NAME = AppIcon;
				COMBINE_HIDPI_IMAGES = YES;
				INFOPLIST_FILE = SpeakLine/Info.plist;
				LD_RUNPATH_SEARCH_PATHS = "$(inherited) @executable_path/../Frameworks";
				PRODUCT_NAME = "$(TARGET_NAME)";
			};
			name = Debug;
		};
		FB25D40D1C754711002A1E9E /* Release */ = {
			isa = XCBuildConfiguration;
			buildSettings = {
				ASSETCATALOG_COMPILER_APPICON_NAME = AppIcon;
				COMBINE_HIDPI_IMAGES = YES;
				INFOPLIST_FILE = SpeakLine/Info.plist;
				LD_RUNPATH_SEARCH_PATHS = "$(inherited) @executable_path/../Frameworks";
				PRODUCT_NAME = "$(TARGET_NAME)";
			};
			name = Release;
		};
		FB25D40F1C754711002A1E9E /* Debug */ = {
			isa = XCBuildConfiguration;
			buildSettings = {
				BUNDLE_LOADER = "$(TEST_HOST)";
				COMBINE_HIDPI_IMAGES = YES;
				FRAMEWORK_SEARCH_PATHS = (
					"$(DEVELOPER_FRAMEWORKS_DIR)",
					"$(inherited)",
				);
				GCC_PREPROCESSOR_DEFINITIONS = (
					"DEBUG=1",
					"$(inherited)",
				);
				INFOPLIST_FILE = SpeakLineTests/Info.plist;
				LD_RUNPATH_SEARCH_PATHS = "$(inherited) @executable_path/../Frameworks @loader_path/../Frameworks";
				PRODUCT_NAME = "$(TARGET_NAME)";
				TEST_HOST = "$(BUILT_PRODUCTS_DIR)/SpeakLine.app/Contents/MacOS/SpeakLine";
			};
			name = Debug;
		};
		FB25D4101C754711002A1E9E /* Release */ = {
			isa = XCBuildConfiguration;
			buildSettings = {
				BUNDLE_LOADER = "$(TEST_HOST)";
				COMBINE_HIDPI_IMAGES = YES;
				FRAMEWORK_SEARCH_PATHS = (
					"$(DEVELOPER_FRAMEWORKS_DIR)",
					"$(inherited)",
				);
				INFOPLIST_FILE = SpeakLineTests/Info.plist;
				LD_RUNPATH_SEARCH_PATHS = "$(inherited) @executable_path/../Frameworks @loader_path/../Frameworks";
				PRODUCT_NAME = "$(TARGET_NAME)";
				TEST_HOST = "$(BUILT_PRODUCTS_DIR)/SpeakLine.app/Contents/MacOS/SpeakLine";
			};
			name = Release;
		};
/* End XCBuildConfiguration section */

/* Begin XCConfigurationList section */
		FB25D3EC1C754711002A1E9E /* Build configuration list for PBXProject "SpeakLine" */ = {
			isa = XCConfigurationList;
			buildConfigurations = (
				FB25D4091C754711002A1E9E /* Debug */,
				FB25D40A1C754711002A1E9E /* Release */,
			);
			defaultConfigurationIsVisible = 0;
			defaultConfigurationName = Release;
		};
		FB25D40B1C754711002A1E9E /* Build configuration list for PBXNativeTarget "SpeakLine" */ = {
			isa = XCConfigurationList;
			buildConfigurations = (
				FB25D40C1C754711002A1E9E /* Debug */,
				FB25D40D1C754711002A1E9E /* Release */,
			);
			defaultConfigurationIsVisible = 0;
		};
		FB25D40E1C754711002A1E9E /* Build configuration list for PBXNativeTarget "SpeakLineTests" */ = {
			isa = XCConfigurationList;
			buildConfigurations = (
				FB25D40F1C754711002A1E9E /* Debug */,
				FB25D4101C754711002A1E9E /* Release */,
			);
			defaultConfigurationIsVisible = 0;
		};
/* End XCConfigurationList section */
	};
	rootObject = FB25D3E91C754711002A1E9E /* Project object */;
}
